
Microsoft Visual Studio Solution File, Format Version 12.00
# Visual Studio Version 17
VisualStudioVersion = 17.9.34902.65
MinimumVisualStudioVersion = 10.0.40219.1
Project("{FAE04EC0-301F-11D3-BF4B-00C04F79EFBC}") = "EcommerceApp.Server", "EcommerceApp.Server\EcommerceApp.Server.csproj", "{DBB1E291-5FB4-47E4-9A41-7EECE918972A}"
EndProject
Project("{54A90642-561A-4BB1-A94E-469ADEE60C69}") = "ecommerceapp.client", "ecommerceapp.client\ecommerceapp.client.esproj", "{E420FC97-6246-45A3-A989-DC233F0453B7}"
EndProject
Global
	GlobalSection(SolutionConfigurationPlatforms) = preSolution
		Debug|Any CPU = Debug|Any CPU
		Release|Any CPU = Release|Any CPU
	EndGlobalSection
	GlobalSection(ProjectConfigurationPlatforms) = postSolution
		{DBB1E291-5FB4-47E4-9A41-7EECE918972A}.Debug|Any CPU.ActiveCfg = Debug|Any CPU
		{DBB1E291-5FB4-47E4-9A41-7EECE918972A}.Debug|Any CPU.Build.0 = Debug|Any CPU
		{DBB1E291-5FB4-47E4-9A41-7EECE918972A}.Release|Any CPU.ActiveCfg = Release|Any CPU
		{DBB1E291-5FB4-47E4-9A41-7EECE918972A}.Release|Any CPU.Build.0 = Release|Any CPU
		{E420FC97-6246-45A3-A989-DC233F0453B7}.Debug|Any CPU.ActiveCfg = Debug|Any CPU
		{E420FC97-6246-45A3-A989-DC233F0453B7}.Debug|Any CPU.Build.0 = Debug|Any CPU
		{E420FC97-6246-45A3-A989-DC233F0453B7}.Debug|Any CPU.Deploy.0 = Debug|Any CPU
		{E420FC97-6246-45A3-A989-DC233F0453B7}.Release|Any CPU.ActiveCfg = Release|Any CPU
		{E420FC97-6246-45A3-A989-DC233F0453B7}.Release|Any CPU.Build.0 = Release|Any CPU
		{E420FC97-6246-45A3-A989-DC233F0453B7}.Release|Any CPU.Deploy.0 = Release|Any CPU
	EndGlobalSection
	GlobalSection(SolutionProperties) = preSolution
		HideSolutionNode = FALSE
	EndGlobalSection
	GlobalSection(ExtensibilityGlobals) = postSolution
		SolutionGuid = {127E2605-ACB2-49EC-88E6-8FD0904063D9}
	EndGlobalSection
EndGlobal
